
Microsoft Visual Studio Solution File, Format Version 12.00
# Visual Studio Version 16
VisualStudioVersion = 16.0.31702.278
MinimumVisualStudioVersion = 10.0.40219.1
Project("{FAE04EC0-301F-11D3-BF4B-00C04F79EFBC}") = "PhoneBook", "PhoneBook\PhoneBook.csproj", "{6F1A705B-9567-4A42-80B7-13159C07FECC}"
EndProject
Global
	GlobalSection(SolutionConfigurationPlatforms) = preSolution
		Debug|Any CPU = Debug|Any CPU
		Release|Any CPU = Release|Any CPU
	EndGlobalSection
	GlobalSection(ProjectConfigurationPlatforms) = postSolution
		{6F1A705B-9567-4A42-80B7-13159C07FECC}.Debug|Any CPU.ActiveCfg = Debug|Any CPU
		{6F1A705B-9567-4A42-80B7-13159C07FECC}.Debug|Any CPU.Build.0 = Debug|Any CPU
		{6F1A705B-9567-4A42-80B7-13159C07FECC}.Release|Any CPU.ActiveCfg = Release|Any CPU
		{6F1A705B-9567-4A42-80B7-13159C07FECC}.Release|Any CPU.Build.0 = Release|Any CPU
	EndGlobalSection
	GlobalSection(SolutionProperties) = preSolution
		HideSolutionNode = FALSE
	EndGlobalSection
	GlobalSection(ExtensibilityGlobals) = postSolution
		SolutionGuid = {EF5CF52B-CBC4-46B9-9EFC-DE8E222EA724}
	EndGlobalSection
EndGlobal
